// !$*UTF8*$!
{
	archiveVersion = 1;
	classes = {
	};
	objectVersion = 55;
	objects = {

/* Begin PBXBuildFile section */
		AE369290284894A900F2E608 /* LandmarksApp.swift in Sources */ = {isa = PBXBuildFile; fileRef = AE36928F284894A900F2E608 /* LandmarksApp.swift */; };
		AE369292284894A900F2E608 /* ContentView.swift in Sources */ = {isa = PBXBuildFile; fileRef = AE369291284894A900F2E608 /* ContentView.swift */; };
		AE369294284894AF00F2E608 /* Assets.xcassets in Resources */ = {isa = PBXBuildFile; fileRef = AE369293284894AF00F2E608 /* Assets.xcassets */; };
		AE369297284894AF00F2E608 /* Preview Assets.xcassets in Resources */ = {isa = PBXBuildFile; fileRef = AE369296284894AF00F2E608 /* Preview Assets.xcassets */; };
		AE3692A028489CB900F2E608 /* CircleImage.swift in Sources */ = {isa = PBXBuildFile; fileRef = AE36929F28489CB900F2E608 /* CircleImage.swift */; };
		AE3692A228489E1000F2E608 /* MapView.swift in Sources */ = {isa = PBXBuildFile; fileRef = AE3692A128489E1000F2E608 /* MapView.swift */; };
		AEA53C51284D00DB006D5F02 /* ProfileHost.swift in Sources */ = {isa = PBXBuildFile; fileRef = AEA53C50284D00DB006D5F02 /* ProfileHost.swift */; };
		AEA53C53284D015C006D5F02 /* ProfileSummary.swift in Sources */ = {isa = PBXBuildFile; fileRef = AEA53C52284D015C006D5F02 /* ProfileSummary.swift */; };
		AEA53C55284D02CF006D5F02 /* HikeBadge.swift in Sources */ = {isa = PBXBuildFile; fileRef = AEA53C54284D02CF006D5F02 /* HikeBadge.swift */; };
		AEA53C57284D0AF2006D5F02 /* ProfileEditor.swift in Sources */ = {isa = PBXBuildFile; fileRef = AEA53C56284D0AF2006D5F02 /* ProfileEditor.swift */; };
		AEABE2B0284CA4B9001D4FC4 /* CategoryRow.swift in Sources */ = {isa = PBXBuildFile; fileRef = AEABE2AF284CA4B9001D4FC4 /* CategoryRow.swift */; };
		AEABE2B2284CA753001D4FC4 /* CategoryItem.swift in Sources */ = {isa = PBXBuildFile; fileRef = AEABE2B1284CA753001D4FC4 /* CategoryItem.swift */; };
		AEABE2B4284CB67C001D4FC4 /* Profile.swift in Sources */ = {isa = PBXBuildFile; fileRef = AEABE2B3284CB67C001D4FC4 /* Profile.swift */; };
		AEAE3025284A16730080B499 /* landmarkData.json in Resources */ = {isa = PBXBuildFile; fileRef = AEAE3024284A16730080B499 /* landmarkData.json */; };
		AEAE3027284A16BB0080B499 /* Landmark.swift in Sources */ = {isa = PBXBuildFile; fileRef = AEAE3026284A16BB0080B499 /* Landmark.swift */; };
		AEAE3029284A1DAA0080B499 /* ModelData.swift in Sources */ = {isa = PBXBuildFile; fileRef = AEAE3028284A1DAA0080B499 /* ModelData.swift */; };
		AEAE3032284A297C0080B499 /* LandmarkRow.swift in Sources */ = {isa = PBXBuildFile; fileRef = AEAE3031284A297C0080B499 /* LandmarkRow.swift */; };
		AEAE3034284A342C0080B499 /* LandmarkList.swift in Sources */ = {isa = PBXBuildFile; fileRef = AEAE3033284A342C0080B499 /* LandmarkList.swift */; };
		AEAE3036284A3B340080B499 /* LandmarkDetail.swift in Sources */ = {isa = PBXBuildFile; fileRef = AEAE3035284A3B340080B499 /* LandmarkDetail.swift */; };
		AEAE3039284B2C130080B499 /* FavoriteButton.swift in Sources */ = {isa = PBXBuildFile; fileRef = AEAE3038284B2C130080B499 /* FavoriteButton.swift */; };
		AEAE303F284B45300080B499 /* HexagonParameters.swift in Sources */ = {isa = PBXBuildFile; fileRef = AEAE303E284B45300080B499 /* HexagonParameters.swift */; };
		AEAE3041284B47050080B499 /* BadgeBackground.swift in Sources */ = {isa = PBXBuildFile; fileRef = AEAE3040284B47050080B499 /* BadgeBackground.swift */; };
		AEAE3043284B58110080B499 /* BadgeSymbol.swift in Sources */ = {isa = PBXBuildFile; fileRef = AEAE3042284B58110080B499 /* BadgeSymbol.swift */; };
		AEAE3045284B5EA70080B499 /* RotatedBadgeSymbol.swift in Sources */ = {isa = PBXBuildFile; fileRef = AEAE3044284B5EA70080B499 /* RotatedBadgeSymbol.swift */; };
		AEAE3047284B5F460080B499 /* Badge.swift in Sources */ = {isa = PBXBuildFile; fileRef = AEAE3046284B5F460080B499 /* Badge.swift */; };
		AEAE304A284BA26C0080B499 /* hikeData.json in Resources */ = {isa = PBXBuildFile; fileRef = AEAE3049284BA26C0080B499 /* hikeData.json */; };
		AEAE304C284BA28A0080B499 /* Hike.swift in Sources */ = {isa = PBXBuildFile; fileRef = AEAE304B284BA28A0080B499 /* Hike.swift */; };
		AEAE3052284BA6B40080B499 /* GraphCapsule.swift in Sources */ = {isa = PBXBuildFile; fileRef = AEAE304E284BA6B40080B499 /* GraphCapsule.swift */; };
		AEAE3053284BA6B40080B499 /* HikeGraph.swift in Sources */ = {isa = PBXBuildFile; fileRef = AEAE304F284BA6B40080B499 /* HikeGraph.swift */; };
		AEAE3054284BA6B40080B499 /* HikeDetail.swift in Sources */ = {isa = PBXBuildFile; fileRef = AEAE3050284BA6B40080B499 /* HikeDetail.swift */; };
		AEAE3055284BA6B40080B499 /* HikeView.swift in Sources */ = {isa = PBXBuildFile; fileRef = AEAE3051284BA6B40080B499 /* HikeView.swift */; };
		AEAE3058284BB8950080B499 /* CategoryHome.swift in Sources */ = {isa = PBXBuildFile; fileRef = AEAE3057284BB8950080B499 /* CategoryHome.swift */; };
/* End PBXBuildFile section */

/* Begin PBXFileReference section */
		AE36928C284894A900F2E608 /* Landmarks.app */ = {isa = PBXFileReference; explicitFileType = wrapper.application; includeInIndex = 0; path = Landmarks.app; sourceTree = BUILT_PRODUCTS_DIR; };
		AE36928F284894A900F2E608 /* LandmarksApp.swift */ = {isa = PBXFileReference; lastKnownFileType = sourcecode.swift; path = LandmarksApp.swift; sourceTree = "<group>"; };
		AE369291284894A900F2E608 /* ContentView.swift */ = {isa = PBXFileReference; lastKnownFileType = sourcecode.swift; path = ContentView.swift; sourceTree = "<group>"; };
		AE369293284894AF00F2E608 /* Assets.xcassets */ = {isa = PBXFileReference; lastKnownFileType = folder.assetcatalog; path = Assets.xcassets; sourceTree = "<group>"; };
		AE369296284894AF00F2E608 /* Preview Assets.xcassets */ = {isa = PBXFileReference; lastKnownFileType = folder.assetcatalog; path = "Preview Assets.xcassets"; sourceTree = "<group>"; };
		AE36929F28489CB900F2E608 /* CircleImage.swift */ = {isa = PBXFileReference; lastKnownFileType = sourcecode.swift; path = CircleImage.swift; sourceTree = "<group>"; };
		AE3692A128489E1000F2E608 /* MapView.swift */ = {isa = PBXFileReference; lastKnownFileType = sourcecode.swift; path = MapView.swift; sourceTree = "<group>"; };
		AEA53C50284D00DB006D5F02 /* ProfileHost.swift */ = {isa = PBXFileReference; lastKnownFileType = sourcecode.swift; path = ProfileHost.swift; sourceTree = "<group>"; };
		AEA53C52284D015C006D5F02 /* ProfileSummary.swift */ = {isa = PBXFileReference; lastKnownFileType = sourcecode.swift; path = ProfileSummary.swift; sourceTree = "<group>"; };
		AEA53C54284D02CF006D5F02 /* HikeBadge.swift */ = {isa = PBXFileReference; lastKnownFileType = sourcecode.swift; path = HikeBadge.swift; sourceTree = "<group>"; };
		AEA53C56284D0AF2006D5F02 /* ProfileEditor.swift */ = {isa = PBXFileReference; lastKnownFileType = sourcecode.swift; path = ProfileEditor.swift; sourceTree = "<group>"; };
		AEABE2AF284CA4B9001D4FC4 /* CategoryRow.swift */ = {isa = PBXFileReference; lastKnownFileType = sourcecode.swift; path = CategoryRow.swift; sourceTree = "<group>"; };
		AEABE2B1284CA753001D4FC4 /* CategoryItem.swift */ = {isa = PBXFileReference; lastKnownFileType = sourcecode.swift; path = CategoryItem.swift; sourceTree = "<group>"; };
		AEABE2B3284CB67C001D4FC4 /* Profile.swift */ = {isa = PBXFileReference; lastKnownFileType = sourcecode.swift; path = Profile.swift; sourceTree = "<group>"; };
		AEAE3024284A16730080B499 /* landmarkData.json */ = {isa = PBXFileReference; fileEncoding = 4; lastKnownFileType = text.json; path = landmarkData.json; sourceTree = "<group>"; };
		AEAE3026284A16BB0080B499 /* Landmark.swift */ = {isa = PBXFileReference; lastKnownFileType = sourcecode.swift; path = Landmark.swift; sourceTree = "<group>"; };
		AEAE3028284A1DAA0080B499 /* ModelData.swift */ = {isa = PBXFileReference; lastKnownFileType = sourcecode.swift; path = ModelData.swift; sourceTree = "<group>"; };
		AEAE3031284A297C0080B499 /* LandmarkRow.swift */ = {isa = PBXFileReference; lastKnownFileType = sourcecode.swift; path = LandmarkRow.swift; sourceTree = "<group>"; };
		AEAE3033284A342C0080B499 /* LandmarkList.swift */ = {isa = PBXFileReference; lastKnownFileType = sourcecode.swift; path = LandmarkList.swift; sourceTree = "<group>"; };
		AEAE3035284A3B340080B499 /* LandmarkDetail.swift */ = {isa = PBXFileReference; lastKnownFileType = sourcecode.swift; path = LandmarkDetail.swift; sourceTree = "<group>"; };
		AEAE3037284A6AC40080B499 /* README.md */ = {isa = PBXFileReference; lastKnownFileType = net.daringfireball.markdown; path = README.md; sourceTree = "<group>"; };
		AEAE3038284B2C130080B499 /* FavoriteButton.swift */ = {isa = PBXFileReference; lastKnownFileType = sourcecode.swift; path = FavoriteButton.swift; sourceTree = "<group>"; };
		AEAE303E284B45300080B499 /* HexagonParameters.swift */ = {isa = PBXFileReference; lastKnownFileType = sourcecode.swift; path = HexagonParameters.swift; sourceTree = "<group>"; };
		AEAE3040284B47050080B499 /* BadgeBackground.swift */ = {isa = PBXFileReference; lastKnownFileType = sourcecode.swift; path = BadgeBackground.swift; sourceTree = "<group>"; };
		AEAE3042284B58110080B499 /* BadgeSymbol.swift */ = {isa = PBXFileReference; lastKnownFileType = sourcecode.swift; path = BadgeSymbol.swift; sourceTree = "<group>"; };
		AEAE3044284B5EA70080B499 /* RotatedBadgeSymbol.swift */ = {isa = PBXFileReference; lastKnownFileType = sourcecode.swift; path = RotatedBadgeSymbol.swift; sourceTree = "<group>"; };
		AEAE3046284B5F460080B499 /* Badge.swift */ = {isa = PBXFileReference; lastKnownFileType = sourcecode.swift; path = Badge.swift; sourceTree = "<group>"; };
		AEAE3049284BA26C0080B499 /* hikeData.json */ = {isa = PBXFileReference; fileEncoding = 4; lastKnownFileType = text.json; path = hikeData.json; sourceTree = "<group>"; };
		AEAE304B284BA28A0080B499 /* Hike.swift */ = {isa = PBXFileReference; lastKnownFileType = sourcecode.swift; path = Hike.swift; sourceTree = "<group>"; };
		AEAE304E284BA6B40080B499 /* GraphCapsule.swift */ = {isa = PBXFileReference; fileEncoding = 4; lastKnownFileType = sourcecode.swift; path = GraphCapsule.swift; sourceTree = "<group>"; };
		AEAE304F284BA6B40080B499 /* HikeGraph.swift */ = {isa = PBXFileReference; fileEncoding = 4; lastKnownFileType = sourcecode.swift; path = HikeGraph.swift; sourceTree = "<group>"; };
		AEAE3050284BA6B40080B499 /* HikeDetail.swift */ = {isa = PBXFileReference; fileEncoding = 4; lastKnownFileType = sourcecode.swift; path = HikeDetail.swift; sourceTree = "<group>"; };
		AEAE3051284BA6B40080B499 /* HikeView.swift */ = {isa = PBXFileReference; fileEncoding = 4; lastKnownFileType = sourcecode.swift; path = HikeView.swift; sourceTree = "<group>"; };
		AEAE3057284BB8950080B499 /* CategoryHome.swift */ = {isa = PBXFileReference; lastKnownFileType = sourcecode.swift; path = CategoryHome.swift; sourceTree = "<group>"; };
/* End PBXFileReference section */

/* Begin PBXFrameworksBuildPhase section */
		AE369289284894A800F2E608 /* Frameworks */ = {
			isa = PBXFrameworksBuildPhase;
			buildActionMask = 2147483647;
			files = (
			);
			runOnlyForDeploymentPostprocessing = 0;
		};
/* End PBXFrameworksBuildPhase section */

/* Begin PBXGroup section */
		AE369283284894A800F2E608 = {
			isa = PBXGroup;
			children = (
				AEAE3037284A6AC40080B499 /* README.md */,
				AE36928E284894A900F2E608 /* Landmarks */,
				AE36928D284894A900F2E608 /* Products */,
			);
			sourceTree = "<group>";
		};
		AE36928D284894A900F2E608 /* Products */ = {
			isa = PBXGroup;
			children = (
				AE36928C284894A900F2E608 /* Landmarks.app */,
			);
			name = Products;
			sourceTree = "<group>";
		};
		AE36928E284894A900F2E608 /* Landmarks */ = {
			isa = PBXGroup;
			children = (
				AE36928F284894A900F2E608 /* LandmarksApp.swift */,
				AEAE302C284A26FA0080B499 /* Views */,
				AEAE302D284A271A0080B499 /* Model */,
				AE369293284894AF00F2E608 /* Assets.xcassets */,
				AEAE302E284A27320080B499 /* Resources */,
				AE369295284894AF00F2E608 /* Preview Content */,
			);
			path = Landmarks;
			sourceTree = "<group>";
		};
		AE369295284894AF00F2E608 /* Preview Content */ = {
			isa = PBXGroup;
			children = (
				AE369296284894AF00F2E608 /* Preview Assets.xcassets */,
			);
			path = "Preview Content";
			sourceTree = "<group>";
		};
		AEA53C4F284D00BE006D5F02 /* Profile */ = {
			isa = PBXGroup;
			children = (
				AEA53C50284D00DB006D5F02 /* ProfileHost.swift */,
				AEA53C56284D0AF2006D5F02 /* ProfileEditor.swift */,
				AEA53C52284D015C006D5F02 /* ProfileSummary.swift */,
			);
			path = Profile;
			sourceTree = "<group>";
		};
		AEAE302C284A26FA0080B499 /* Views */ = {
			isa = PBXGroup;
			children = (
				AEA53C4F284D00BE006D5F02 /* Profile */,
				AEAE3056284BB87A0080B499 /* Categories */,
				AEAE304D284BA6B40080B499 /* Hikes */,
				AE369291284894A900F2E608 /* ContentView.swift */,
				AEAE303D284B2DFD0080B499 /* Landmarks */,
				AEAE303C284B2DE90080B499 /* Helpers */,
				AEAE3048284B697C0080B499 /* Badges */,
			);
			path = Views;
			sourceTree = "<group>";
		};
		AEAE302D284A271A0080B499 /* Model */ = {
			isa = PBXGroup;
			children = (
				AEAE3026284A16BB0080B499 /* Landmark.swift */,
				AEABE2B3284CB67C001D4FC4 /* Profile.swift */,
				AEAE3028284A1DAA0080B499 /* ModelData.swift */,
				AEAE304B284BA28A0080B499 /* Hike.swift */,
			);
			path = Model;
			sourceTree = "<group>";
		};
		AEAE302E284A27320080B499 /* Resources */ = {
			isa = PBXGroup;
			children = (
				AEAE3049284BA26C0080B499 /* hikeData.json */,
				AEAE3024284A16730080B499 /* landmarkData.json */,
			);
			path = Resources;
			sourceTree = "<group>";
		};
		AEAE303C284B2DE90080B499 /* Helpers */ = {
			isa = PBXGroup;
			children = (
				AEAE3038284B2C130080B499 /* FavoriteButton.swift */,
				AE36929F28489CB900F2E608 /* CircleImage.swift */,
				AE3692A128489E1000F2E608 /* MapView.swift */,
			);
			path = Helpers;
			sourceTree = "<group>";
		};
		AEAE303D284B2DFD0080B499 /* Landmarks */ = {
			isa = PBXGroup;
			children = (
				AEAE3031284A297C0080B499 /* LandmarkRow.swift */,
				AEAE3033284A342C0080B499 /* LandmarkList.swift */,
				AEAE3035284A3B340080B499 /* LandmarkDetail.swift */,
			);
			path = Landmarks;
			sourceTree = "<group>";
		};
		AEAE3048284B697C0080B499 /* Badges */ = {
			isa = PBXGroup;
			children = (
				AEAE303E284B45300080B499 /* HexagonParameters.swift */,
				AEAE3040284B47050080B499 /* BadgeBackground.swift */,
				AEAE3042284B58110080B499 /* BadgeSymbol.swift */,
				AEAE3044284B5EA70080B499 /* RotatedBadgeSymbol.swift */,
				AEAE3046284B5F460080B499 /* Badge.swift */,
			);
			path = Badges;
			sourceTree = "<group>";
		};
		AEAE304D284BA6B40080B499 /* Hikes */ = {
			isa = PBXGroup;
			children = (
				AEAE304E284BA6B40080B499 /* GraphCapsule.swift */,
				AEAE304F284BA6B40080B499 /* HikeGraph.swift */,
				AEAE3050284BA6B40080B499 /* HikeDetail.swift */,
				AEAE3051284BA6B40080B499 /* HikeView.swift */,
				AEA53C54284D02CF006D5F02 /* HikeBadge.swift */,
			);
			path = Hikes;
			sourceTree = "<group>";
		};
		AEAE3056284BB87A0080B499 /* Categories */ = {
			isa = PBXGroup;
			children = (
				AEAE3057284BB8950080B499 /* CategoryHome.swift */,
				AEABE2AF284CA4B9001D4FC4 /* CategoryRow.swift */,
				AEABE2B1284CA753001D4FC4 /* CategoryItem.swift */,
			);
			path = Categories;
			sourceTree = "<group>";
		};
/* End PBXGroup section */

/* Begin PBXNativeTarget section */
		AE36928B284894A800F2E608 /* Landmarks */ = {
			isa = PBXNativeTarget;
			buildConfigurationList = AE36929A284894AF00F2E608 /* Build configuration list for PBXNativeTarget "Landmarks" */;
			buildPhases = (
				AE369288284894A800F2E608 /* Sources */,
				AE369289284894A800F2E608 /* Frameworks */,
				AE36928A284894A800F2E608 /* Resources */,
			);
			buildRules = (
			);
			dependencies = (
			);
			name = Landmarks;
			productName = Landmarks;
			productReference = AE36928C284894A900F2E608 /* Landmarks.app */;
			productType = "com.apple.product-type.application";
		};
/* End PBXNativeTarget section */

/* Begin PBXProject section */
		AE369284284894A800F2E608 /* Project object */ = {
			isa = PBXProject;
			attributes = {
				BuildIndependentTargetsInParallel = 1;
				LastSwiftUpdateCheck = 1340;
				LastUpgradeCheck = 1340;
				TargetAttributes = {
					AE36928B284894A800F2E608 = {
						CreatedOnToolsVersion = 13.4;
					};
				};
			};
			buildConfigurationList = AE369287284894A800F2E608 /* Build configuration list for PBXProject "Landmarks" */;
			compatibilityVersion = "Xcode 13.0";
			developmentRegion = en;
			hasScannedForEncodings = 0;
			knownRegions = (
				en,
				Base,
			);
			mainGroup = AE369283284894A800F2E608;
			productRefGroup = AE36928D284894A900F2E608 /* Products */;
			projectDirPath = "";
			projectRoot = "";
			targets = (
				AE36928B284894A800F2E608 /* Landmarks */,
			);
		};
/* End PBXProject section */

/* Begin PBXResourcesBuildPhase section */
		AE36928A284894A800F2E608 /* Resources */ = {
			isa = PBXResourcesBuildPhase;
			buildActionMask = 2147483647;
			files = (
				AEAE304A284BA26C0080B499 /* hikeData.json in Resources */,
				AE369297284894AF00F2E608 /* Preview Assets.xcassets in Resources */,
				AE369294284894AF00F2E608 /* Assets.xcassets in Resources */,
				AEAE3025284A16730080B499 /* landmarkData.json in Resources */,
			);
			runOnlyForDeploymentPostprocessing = 0;
		};
/* End PBXResourcesBuildPhase section */

/* Begin PBXSourcesBuildPhase section */
		AE369288284894A800F2E608 /* Sources */ = {
			isa = PBXSourcesBuildPhase;
			buildActionMask = 2147483647;
			files = (
				AEABE2B0284CA4B9001D4FC4 /* CategoryRow.swift in Sources */,
				AEABE2B4284CB67C001D4FC4 /* Profile.swift in Sources */,
				AE369292284894A900F2E608 /* ContentView.swift in Sources */,
				AEAE3058284BB8950080B499 /* CategoryHome.swift in Sources */,
				AEAE3053284BA6B40080B499 /* HikeGraph.swift in Sources */,
				AEAE3047284B5F460080B499 /* Badge.swift in Sources */,
				AE3692A228489E1000F2E608 /* MapView.swift in Sources */,
				AEAE3052284BA6B40080B499 /* GraphCapsule.swift in Sources */,
				AE369290284894A900F2E608 /* LandmarksApp.swift in Sources */,
				AEAE3039284B2C130080B499 /* FavoriteButton.swift in Sources */,
				AEABE2B2284CA753001D4FC4 /* CategoryItem.swift in Sources */,
				AEAE3054284BA6B40080B499 /* HikeDetail.swift in Sources */,
				AEA53C53284D015C006D5F02 /* ProfileSummary.swift in Sources */,
				AEAE303F284B45300080B499 /* HexagonParameters.swift in Sources */,
				AEA53C51284D00DB006D5F02 /* ProfileHost.swift in Sources */,
				AEAE304C284BA28A0080B499 /* Hike.swift in Sources */,
				AEAE3045284B5EA70080B499 /* RotatedBadgeSymbol.swift in Sources */,
				AEAE3043284B58110080B499 /* BadgeSymbol.swift in Sources */,
				AEA53C57284D0AF2006D5F02 /* ProfileEditor.swift in Sources */,
				AEAE3034284A342C0080B499 /* LandmarkList.swift in Sources */,
				AEAE3055284BA6B40080B499 /* HikeView.swift in Sources */,
				AEAE3036284A3B340080B499 /* LandmarkDetail.swift in Sources */,
				AEAE3041284B47050080B499 /* BadgeBackground.swift in Sources */,
				AEA53C55284D02CF006D5F02 /* HikeBadge.swift in Sources */,
				AE3692A028489CB900F2E608 /* CircleImage.swift in Sources */,
				AEAE3027284A16BB0080B499 /* Landmark.swift in Sources */,
				AEAE3032284A297C0080B499 /* LandmarkRow.swift in Sources */,
				AEAE3029284A1DAA0080B499 /* ModelData.swift in Sources */,
			);
			runOnlyForDeploymentPostprocessing = 0;
		};
/* End PBXSourcesBuildPhase section */

/* Begin XCBuildConfiguration section */
		AE369298284894AF00F2E608 /* Debug */ = {
			isa = XCBuildConfiguration;
			buildSettings = {
				ALWAYS_SEARCH_USER_PATHS = NO;
				CLANG_ANALYZER_NONNULL = YES;
				CLANG_ANALYZER_NUMBER_OBJECT_CONVERSION = YES_AGGRESSIVE;
				CLANG_CXX_LANGUAGE_STANDARD = "gnu++17";
				CLANG_ENABLE_MODULES = YES;
				CLANG_ENABLE_OBJC_ARC = YES;
				CLANG_ENABLE_OBJC_WEAK = YES;
				CLANG_WARN_BLOCK_CAPTURE_AUTORELEASING = YES;
				CLANG_WARN_BOOL_CONVERSION = YES;
				CLANG_WARN_COMMA = YES;
				CLANG_WARN_CONSTANT_CONVERSION = YES;
				CLANG_WARN_DEPRECATED_OBJC_IMPLEMENTATIONS = YES;
				CLANG_WARN_DIRECT_OBJC_ISA_USAGE = YES_ERROR;
				CLANG_WARN_DOCUMENTATION_COMMENTS = YES;
				CLANG_WARN_EMPTY_BODY = YES;
				CLANG_WARN_ENUM_CONVERSION = YES;
				CLANG_WARN_INFINITE_RECURSION = YES;
				CLANG_WARN_INT_CONVERSION = YES;
				CLANG_WARN_NON_LITERAL_NULL_CONVERSION = YES;
				CLANG_WARN_OBJC_IMPLICIT_RETAIN_SELF = YES;
				CLANG_WARN_OBJC_LITERAL_CONVERSION = YES;
				CLANG_WARN_OBJC_ROOT_CLASS = YES_ERROR;
				CLANG_WARN_QUOTED_INCLUDE_IN_FRAMEWORK_HEADER = YES;
				CLANG_WARN_RANGE_LOOP_ANALYSIS = YES;
				CLANG_WARN_STRICT_PROTOTYPES = YES;
				CLANG_WARN_SUSPICIOUS_MOVE = YES;
				CLANG_WARN_UNGUARDED_AVAILABILITY = YES_AGGRESSIVE;
				CLANG_WARN_UNREACHABLE_CODE = YES;
				CLANG_WARN__DUPLICATE_METHOD_MATCH = YES;
				COPY_PHASE_STRIP = NO;
				DEBUG_INFORMATION_FORMAT = dwarf;
				ENABLE_STRICT_OBJC_MSGSEND = YES;
				ENABLE_TESTABILITY = YES;
				GCC_C_LANGUAGE_STANDARD = gnu11;
				GCC_DYNAMIC_NO_PIC = NO;
				GCC_NO_COMMON_BLOCKS = YES;
				GCC_OPTIMIZATION_LEVEL = 0;
				GCC_PREPROCESSOR_DEFINITIONS = (
					"DEBUG=1",
					"$(inherited)",
				);
				GCC_WARN_64_TO_32_BIT_CONVERSION = YES;
				GCC_WARN_ABOUT_RETURN_TYPE = YES_ERROR;
				GCC_WARN_UNDECLARED_SELECTOR = YES;
				GCC_WARN_UNINITIALIZED_AUTOS = YES_AGGRESSIVE;
				GCC_WARN_UNUSED_FUNCTION = YES;
				GCC_WARN_UNUSED_VARIABLE = YES;
				IPHONEOS_DEPLOYMENT_TARGET = 15.5;
				MTL_ENABLE_DEBUG_INFO = INCLUDE_SOURCE;
				MTL_FAST_MATH = YES;
				ONLY_ACTIVE_ARCH = YES;
				SDKROOT = iphoneos;
				SWIFT_ACTIVE_COMPILATION_CONDITIONS = DEBUG;
				SWIFT_OPTIMIZATION_LEVEL = "-Onone";
			};
			name = Debug;
		};
		AE369299284894AF00F2E608 /* Release */ = {
			isa = XCBuildConfiguration;
			buildSettings = {
				ALWAYS_SEARCH_USER_PATHS = NO;
				CLANG_ANALYZER_NONNULL = YES;
				CLANG_ANALYZER_NUMBER_OBJECT_CONVERSION = YES_AGGRESSIVE;
				CLANG_CXX_LANGUAGE_STANDARD = "gnu++17";
				CLANG_ENABLE_MODULES = YES;
				CLANG_ENABLE_OBJC_ARC = YES;
				CLANG_ENABLE_OBJC_WEAK = YES;
				CLANG_WARN_BLOCK_CAPTURE_AUTORELEASING = YES;
				CLANG_WARN_BOOL_CONVERSION = YES;
				CLANG_WARN_COMMA = YES;
				CLANG_WARN_CONSTANT_CONVERSION = YES;
				CLANG_WARN_DEPRECATED_OBJC_IMPLEMENTATIONS = YES;
				CLANG_WARN_DIRECT_OBJC_ISA_USAGE = YES_ERROR;
				CLANG_WARN_DOCUMENTATION_COMMENTS = YES;
				CLANG_WARN_EMPTY_BODY = YES;
				CLANG_WARN_ENUM_CONVERSION = YES;
				CLANG_WARN_INFINITE_RECURSION = YES;
				CLANG_WARN_INT_CONVERSION = YES;
				CLANG_WARN_NON_LITERAL_NULL_CONVERSION = YES;
				CLANG_WARN_OBJC_IMPLICIT_RETAIN_SELF = YES;
				CLANG_WARN_OBJC_LITERAL_CONVERSION = YES;
				CLANG_WARN_OBJC_ROOT_CLASS = YES_ERROR;
				CLANG_WARN_QUOTED_INCLUDE_IN_FRAMEWORK_HEADER = YES;
				CLANG_WARN_RANGE_LOOP_ANALYSIS = YES;
				CLANG_WARN_STRICT_PROTOTYPES = YES;
				CLANG_WARN_SUSPICIOUS_MOVE = YES;
				CLANG_WARN_UNGUARDED_AVAILABILITY = YES_AGGRESSIVE;
				CLANG_WARN_UNREACHABLE_CODE = YES;
				CLANG_WARN__DUPLICATE_METHOD_MATCH = YES;
				COPY_PHASE_STRIP = NO;
				DEBUG_INFORMATION_FORMAT = "dwarf-with-dsym";
				ENABLE_NS_ASSERTIONS = NO;
				ENABLE_STRICT_OBJC_MSGSEND = YES;
				GCC_C_LANGUAGE_STANDARD = gnu11;
				GCC_NO_COMMON_BLOCKS = YES;
				GCC_WARN_64_TO_32_BIT_CONVERSION = YES;
				GCC_WARN_ABOUT_RETURN_TYPE = YES_ERROR;
				GCC_WARN_UNDECLARED_SELECTOR = YES;
				GCC_WARN_UNINITIALIZED_AUTOS = YES_AGGRESSIVE;
				GCC_WARN_UNUSED_FUNCTION = YES;
				GCC_WARN_UNUSED_VARIABLE = YES;
				IPHONEOS_DEPLOYMENT_TARGET = 15.5;
				MTL_ENABLE_DEBUG_INFO = NO;
				MTL_FAST_MATH = YES;
				SDKROOT = iphoneos;
				SWIFT_COMPILATION_MODE = wholemodule;
				SWIFT_OPTIMIZATION_LEVEL = "-O";
				VALIDATE_PRODUCT = YES;
			};
			name = Release;
		};
		AE36929B284894AF00F2E608 /* Debug */ = {
			isa = XCBuildConfiguration;
			buildSettings = {
				ASSETCATALOG_COMPILER_APPICON_NAME = AppIcon;
				ASSETCATALOG_COMPILER_GLOBAL_ACCENT_COLOR_NAME = AccentColor;
				CODE_SIGN_STYLE = Automatic;
				CURRENT_PROJECT_VERSION = 1;
				DEVELOPMENT_ASSET_PATHS = "\"Landmarks/Preview Content\"";
				ENABLE_PREVIEWS = YES;
				GENERATE_INFOPLIST_FILE = YES;
				INFOPLIST_KEY_UIApplicationSceneManifest_Generation = YES;
				INFOPLIST_KEY_UIApplicationSupportsIndirectInputEvents = YES;
				INFOPLIST_KEY_UILaunchScreen_Generation = YES;
				INFOPLIST_KEY_UISupportedInterfaceOrientations_iPad = "UIInterfaceOrientationPortrait UIInterfaceOrientationPortraitUpsideDown UIInterfaceOrientationLandscapeLeft UIInterfaceOrientationLandscapeRight";
				INFOPLIST_KEY_UISupportedInterfaceOrientations_iPhone = "UIInterfaceOrientationPortrait UIInterfaceOrientationLandscapeLeft UIInterfaceOrientationLandscapeRight";
				LD_RUNPATH_SEARCH_PATHS = (
					"$(inherited)",
					"@executable_path/Frameworks",
				);
				MARKETING_VERSION = 1.0;
				PRODUCT_BUNDLE_IDENTIFIER = locolin.Landmarks;
				PRODUCT_NAME = "$(TARGET_NAME)";
				SWIFT_EMIT_LOC_STRINGS = YES;
				SWIFT_VERSION = 5.0;
				TARGETED_DEVICE_FAMILY = "1,2";
			};
			name = Debug;
		};
		AE36929C284894AF00F2E608 /* Release */ = {
			isa = XCBuildConfiguration;
			buildSettings = {
				ASSETCATALOG_COMPILER_APPICON_NAME = AppIcon;
				ASSETCATALOG_COMPILER_GLOBAL_ACCENT_COLOR_NAME = AccentColor;
				CODE_SIGN_STYLE = Automatic;
				CURRENT_PROJECT_VERSION = 1;
				DEVELOPMENT_ASSET_PATHS = "\"Landmarks/Preview Content\"";
				ENABLE_PREVIEWS = YES;
				GENERATE_INFOPLIST_FILE = YES;
				INFOPLIST_KEY_UIApplicationSceneManifest_Generation = YES;
				INFOPLIST_KEY_UIApplicationSupportsIndirectInputEvents = YES;
				INFOPLIST_KEY_UILaunchScreen_Generation = YES;
				INFOPLIST_KEY_UISupportedInterfaceOrientations_iPad = "UIInterfaceOrientationPortrait UIInterfaceOrientationPortraitUpsideDown UIInterfaceOrientationLandscapeLeft UIInterfaceOrientationLandscapeRight";
				INFOPLIST_KEY_UISupportedInterfaceOrientations_iPhone = "UIInterfaceOrientationPortrait UIInterfaceOrientationLandscapeLeft UIInterfaceOrientationLandscapeRight";
				LD_RUNPATH_SEARCH_PATHS = (
					"$(inherited)",
					"@executable_path/Frameworks",
				);
				MARKETING_VERSION = 1.0;
				PRODUCT_BUNDLE_IDENTIFIER = locolin.Landmarks;
				PRODUCT_NAME = "$(TARGET_NAME)";
				SWIFT_EMIT_LOC_STRINGS = YES;
				SWIFT_VERSION = 5.0;
				TARGETED_DEVICE_FAMILY = "1,2";
			};
			name = Release;
		};
/* End XCBuildConfiguration section */

/* Begin XCConfigurationList section */
		AE369287284894A800F2E608 /* Build configuration list for PBXProject "Landmarks" */ = {
			isa = XCConfigurationList;
			buildConfigurations = (
				AE369298284894AF00F2E608 /* Debug */,
				AE369299284894AF00F2E608 /* Release */,
			);
			defaultConfigurationIsVisible = 0;
			defaultConfigurationName = Release;
		};
		AE36929A284894AF00F2E608 /* Build configuration list for PBXNativeTarget "Landmarks" */ = {
			isa = XCConfigurationList;
			buildConfigurations = (
				AE36929B284894AF00F2E608 /* Debug */,
				AE36929C284894AF00F2E608 /* Release */,
			);
			defaultConfigurationIsVisible = 0;
			defaultConfigurationName = Release;
		};
/* End XCConfigurationList section */
	};
	rootObject = AE369284284894A800F2E608 /* Project object */;
}
